{
    "name": "projeto-adocao-api",
    "version": "1.0.0",
    "description": "API REST para sistema de adoção de animais (Node, Express, Sequelize, SQLite)",
    "main": "src/server.js",
    "type": "module",
    "scripts": {
    "dev": "node --watch src/server.js",
    "start": "node src/server.js",
    "seed:admins": "node src/seeders/seed-admins.js"
},
"dependencies": {
"dotenv": "^16.4.5",
"encryptjs": "^1.0.0",
"express": "^4.19.2",
"jsonwebtoken": "^9.0.2",
"multer": "^1.4.5-lts.1",
"qrcode": "^1.5.4",
"sequelize": "^6.37.3",
"sqlite3": "^5.1.7"
}
}